
Microsoft Visual Studio Solution File, Format Version 12.00
# Visual Studio Version 16
VisualStudioVersion = 16.0.30804.86
MinimumVisualStudioVersion = 10.0.40219.1
Project("{8BC9CEB8-8B4A-11D0-8D11-00A0C91BC942}") = "SAP-1-Emulator", "SAP-1-Emulator.vcxproj", "{96839E16-1D5C-4771-BB81-E6FA17368A44}"
EndProject
Global
	GlobalSection(SolutionConfigurationPlatforms) = preSolution
		Debug|x64 = Debug|x64
		Debug|x86 = Debug|x86
		Release|x64 = Release|x64
		Release|x86 = Release|x86
	EndGlobalSection
	GlobalSection(ProjectConfigurationPlatforms) = postSolution
		{96839E16-1D5C-4771-BB81-E6FA17368A44}.Debug|x64.ActiveCfg = Debug|x64
		{96839E16-1D5C-4771-BB81-E6FA17368A44}.Debug|x64.Build.0 = Debug|x64
		{96839E16-1D5C-4771-BB81-E6FA17368A44}.Debug|x86.ActiveCfg = Debug|Win32
		{96839E16-1D5C-4771-BB81-E6FA17368A44}.Debug|x86.Build.0 = Debug|Win32
		{96839E16-1D5C-4771-BB81-E6FA17368A44}.Release|x64.ActiveCfg = Release|x64
		{96839E16-1D5C-4771-BB81-E6FA17368A44}.Release|x64.Build.0 = Release|x64
		{96839E16-1D5C-4771-BB81-E6FA17368A44}.Release|x86.ActiveCfg = Release|Win32
		{96839E16-1D5C-4771-BB81-E6FA17368A44}.Release|x86.Build.0 = Release|Win32
	EndGlobalSection
	GlobalSection(SolutionProperties) = preSolution
		HideSolutionNode = FALSE
	EndGlobalSection
	GlobalSection(ExtensibilityGlobals) = postSolution
		SolutionGuid = {C12E59EC-5BEF-461B-833B-3BA76CEBFCFA}
	EndGlobalSection
EndGlobal
